
Microsoft Visual Studio Solution File, Format Version 12.00
# Visual Studio 14
VisualStudioVersion = 14.0.25420.1
MinimumVisualStudioVersion = 10.0.40219.1
Project("{FAE04EC0-301F-11D3-BF4B-00C04F79EFBC}") = "SmartQQ", "SmartQQ\SmartQQ.csproj", "{DE15231A-7ED1-40DE-A6AB-2F625A1728A6}"
EndProject
Project("{FAE04EC0-301F-11D3-BF4B-00C04F79EFBC}") = "QQBot", "QQBot\QQBot.csproj", "{84DFB2B2-1801-4509-B954-EBC5F6114E6B}"
EndProject
Global
	GlobalSection(SolutionConfigurationPlatforms) = preSolution
		Debug|Any CPU = Debug|Any CPU
		Release|Any CPU = Release|Any CPU
	EndGlobalSection
	GlobalSection(ProjectConfigurationPlatforms) = postSolution
		{DE15231A-7ED1-40DE-A6AB-2F625A1728A6}.Debug|Any CPU.ActiveCfg = Debug|Any CPU
		{DE15231A-7ED1-40DE-A6AB-2F625A1728A6}.Debug|Any CPU.Build.0 = Debug|Any CPU
		{DE15231A-7ED1-40DE-A6AB-2F625A1728A6}.Release|Any CPU.ActiveCfg = Release|Any CPU
		{DE15231A-7ED1-40DE-A6AB-2F625A1728A6}.Release|Any CPU.Build.0 = Release|Any CPU
		{84DFB2B2-1801-4509-B954-EBC5F6114E6B}.Debug|Any CPU.ActiveCfg = Debug|Any CPU
		{84DFB2B2-1801-4509-B954-EBC5F6114E6B}.Debug|Any CPU.Build.0 = Debug|Any CPU
		{84DFB2B2-1801-4509-B954-EBC5F6114E6B}.Release|Any CPU.ActiveCfg = Release|Any CPU
		{84DFB2B2-1801-4509-B954-EBC5F6114E6B}.Release|Any CPU.Build.0 = Release|Any CPU
	EndGlobalSection
	GlobalSection(SolutionProperties) = preSolution
		HideSolutionNode = FALSE
	EndGlobalSection
EndGlobal
